
Microsoft Visual Studio Solution File, Format Version 12.00
# Visual Studio Version 16
VisualStudioVersion = 16.0.32602.291
MinimumVisualStudioVersion = 10.0.40219.1
Project("{FAE04EC0-301F-11D3-BF4B-00C04F79EFBC}") = "GettingText.Android", "GettingText\GettingText.Android\GettingText.Android.csproj", "{3428DD04-A9DC-49CD-94A0-14BF1B50F638}"
EndProject
Project("{FAE04EC0-301F-11D3-BF4B-00C04F79EFBC}") = "GettingText.iOS", "GettingText\GettingText.iOS\GettingText.iOS.csproj", "{BC7DF69D-CF65-4A9E-8398-A84376476533}"
EndProject
Project("{FAE04EC0-301F-11D3-BF4B-00C04F79EFBC}") = "GettingText", "GettingText\GettingText\GettingText.csproj", "{3496E5B9-8BE3-4A72-846D-DBD1630AE25D}"
EndProject
Global
	GlobalSection(SolutionConfigurationPlatforms) = preSolution
		Debug|Any CPU = Debug|Any CPU
		Debug|iPhone = Debug|iPhone
		Debug|iPhoneSimulator = Debug|iPhoneSimulator
		Release|Any CPU = Release|Any CPU
		Release|iPhone = Release|iPhone
		Release|iPhoneSimulator = Release|iPhoneSimulator
	EndGlobalSection
	GlobalSection(ProjectConfigurationPlatforms) = postSolution
		{3428DD04-A9DC-49CD-94A0-14BF1B50F638}.Debug|Any CPU.ActiveCfg = Debug|Any CPU
		{3428DD04-A9DC-49CD-94A0-14BF1B50F638}.Debug|Any CPU.Build.0 = Debug|Any CPU
		{3428DD04-A9DC-49CD-94A0-14BF1B50F638}.Debug|Any CPU.Deploy.0 = Debug|Any CPU
		{3428DD04-A9DC-49CD-94A0-14BF1B50F638}.Debug|iPhone.ActiveCfg = Debug|Any CPU
		{3428DD04-A9DC-49CD-94A0-14BF1B50F638}.Debug|iPhone.Build.0 = Debug|Any CPU
		{3428DD04-A9DC-49CD-94A0-14BF1B50F638}.Debug|iPhone.Deploy.0 = Debug|Any CPU
		{3428DD04-A9DC-49CD-94A0-14BF1B50F638}.Debug|iPhoneSimulator.ActiveCfg = Debug|Any CPU
		{3428DD04-A9DC-49CD-94A0-14BF1B50F638}.Debug|iPhoneSimulator.Build.0 = Debug|Any CPU
		{3428DD04-A9DC-49CD-94A0-14BF1B50F638}.Debug|iPhoneSimulator.Deploy.0 = Debug|Any CPU
		{3428DD04-A9DC-49CD-94A0-14BF1B50F638}.Release|Any CPU.ActiveCfg = Release|Any CPU
		{3428DD04-A9DC-49CD-94A0-14BF1B50F638}.Release|Any CPU.Build.0 = Release|Any CPU
		{3428DD04-A9DC-49CD-94A0-14BF1B50F638}.Release|Any CPU.Deploy.0 = Release|Any CPU
		{3428DD04-A9DC-49CD-94A0-14BF1B50F638}.Release|iPhone.ActiveCfg = Release|Any CPU
		{3428DD04-A9DC-49CD-94A0-14BF1B50F638}.Release|iPhone.Build.0 = Release|Any CPU
		{3428DD04-A9DC-49CD-94A0-14BF1B50F638}.Release|iPhone.Deploy.0 = Release|Any CPU
		{3428DD04-A9DC-49CD-94A0-14BF1B50F638}.Release|iPhoneSimulator.ActiveCfg = Release|Any CPU
		{3428DD04-A9DC-49CD-94A0-14BF1B50F638}.Release|iPhoneSimulator.Build.0 = Release|Any CPU
		{3428DD04-A9DC-49CD-94A0-14BF1B50F638}.Release|iPhoneSimulator.Deploy.0 = Release|Any CPU
		{BC7DF69D-CF65-4A9E-8398-A84376476533}.Debug|Any CPU.ActiveCfg = Debug|iPhone
		{BC7DF69D-CF65-4A9E-8398-A84376476533}.Debug|Any CPU.Build.0 = Debug|iPhone
		{BC7DF69D-CF65-4A9E-8398-A84376476533}.Debug|Any CPU.Deploy.0 = Debug|iPhone
		{BC7DF69D-CF65-4A9E-8398-A84376476533}.Debug|iPhone.ActiveCfg = Debug|iPhone
		{BC7DF69D-CF65-4A9E-8398-A84376476533}.Debug|iPhone.Build.0 = Debug|iPhone
		{BC7DF69D-CF65-4A9E-8398-A84376476533}.Debug|iPhone.Deploy.0 = Debug|iPhone
		{BC7DF69D-CF65-4A9E-8398-A84376476533}.Debug|iPhoneSimulator.ActiveCfg = Debug|iPhoneSimulator
		{BC7DF69D-CF65-4A9E-8398-A84376476533}.Debug|iPhoneSimulator.Build.0 = Debug|iPhoneSimulator
		{BC7DF69D-CF65-4A9E-8398-A84376476533}.Debug|iPhoneSimulator.Deploy.0 = Debug|iPhoneSimulator
		{BC7DF69D-CF65-4A9E-8398-A84376476533}.Release|Any CPU.ActiveCfg = Release|iPhoneSimulator
		{BC7DF69D-CF65-4A9E-8398-A84376476533}.Release|Any CPU.Build.0 = Release|iPhoneSimulator
		{BC7DF69D-CF65-4A9E-8398-A84376476533}.Release|Any CPU.Deploy.0 = Release|iPhoneSimulator
		{BC7DF69D-CF65-4A9E-8398-A84376476533}.Release|iPhone.ActiveCfg = Release|iPhone
		{BC7DF69D-CF65-4A9E-8398-A84376476533}.Release|iPhone.Build.0 = Release|iPhone
		{BC7DF69D-CF65-4A9E-8398-A84376476533}.Release|iPhone.Deploy.0 = Release|iPhone
		{BC7DF69D-CF65-4A9E-8398-A84376476533}.Release|iPhoneSimulator.ActiveCfg = Release|iPhoneSimulator
		{BC7DF69D-CF65-4A9E-8398-A84376476533}.Release|iPhoneSimulator.Build.0 = Release|iPhoneSimulator
		{BC7DF69D-CF65-4A9E-8398-A84376476533}.Release|iPhoneSimulator.Deploy.0 = Release|iPhoneSimulator
		{3496E5B9-8BE3-4A72-846D-DBD1630AE25D}.Debug|Any CPU.ActiveCfg = Debug|Any CPU
		{3496E5B9-8BE3-4A72-846D-DBD1630AE25D}.Debug|Any CPU.Build.0 = Debug|Any CPU
		{3496E5B9-8BE3-4A72-846D-DBD1630AE25D}.Debug|Any CPU.Deploy.0 = Debug|Any CPU
		{3496E5B9-8BE3-4A72-846D-DBD1630AE25D}.Debug|iPhone.ActiveCfg = Debug|Any CPU
		{3496E5B9-8BE3-4A72-846D-DBD1630AE25D}.Debug|iPhone.Build.0 = Debug|Any CPU
		{3496E5B9-8BE3-4A72-846D-DBD1630AE25D}.Debug|iPhone.Deploy.0 = Debug|Any CPU
		{3496E5B9-8BE3-4A72-846D-DBD1630AE25D}.Debug|iPhoneSimulator.ActiveCfg = Debug|Any CPU
		{3496E5B9-8BE3-4A72-846D-DBD1630AE25D}.Debug|iPhoneSimulator.Build.0 = Debug|Any CPU
		{3496E5B9-8BE3-4A72-846D-DBD1630AE25D}.Debug|iPhoneSimulator.Deploy.0 = Debug|Any CPU
		{3496E5B9-8BE3-4A72-846D-DBD1630AE25D}.Release|Any CPU.ActiveCfg = Release|Any CPU
		{3496E5B9-8BE3-4A72-846D-DBD1630AE25D}.Release|Any CPU.Build.0 = Release|Any CPU
		{3496E5B9-8BE3-4A72-846D-DBD1630AE25D}.Release|Any CPU.Deploy.0 = Release|Any CPU
		{3496E5B9-8BE3-4A72-846D-DBD1630AE25D}.Release|iPhone.ActiveCfg = Release|Any CPU
		{3496E5B9-8BE3-4A72-846D-DBD1630AE25D}.Release|iPhone.Build.0 = Release|Any CPU
		{3496E5B9-8BE3-4A72-846D-DBD1630AE25D}.Release|iPhone.Deploy.0 = Release|Any CPU
		{3496E5B9-8BE3-4A72-846D-DBD1630AE25D}.Release|iPhoneSimulator.ActiveCfg = Release|Any CPU
		{3496E5B9-8BE3-4A72-846D-DBD1630AE25D}.Release|iPhoneSimulator.Build.0 = Release|Any CPU
		{3496E5B9-8BE3-4A72-846D-DBD1630AE25D}.Release|iPhoneSimulator.Deploy.0 = Release|Any CPU
	EndGlobalSection
	GlobalSection(SolutionProperties) = preSolution
		HideSolutionNode = FALSE
	EndGlobalSection
	GlobalSection(ExtensibilityGlobals) = postSolution
		SolutionGuid = {BB6B06A9-B440-42B9-A2C0-CECC7F47F28F}
	EndGlobalSection
EndGlobal
